
Microsoft Visual Studio Solution File, Format Version 12.00
# Visual Studio Version 16
VisualStudioVersion = 16.0.32228.343
MinimumVisualStudioVersion = 10.0.40219.1
Project("{9A19103F-16F7-4668-BE54-9A1E7A4F7556}") = "CSharp-Instagram-Selenium", "CSharp-Instagram-Selenium.csproj", "{0DFA7D89-194C-477A-8740-347FFC9F8C91}"
EndProject
Global
	GlobalSection(SolutionConfigurationPlatforms) = preSolution
		Debug|Any CPU = Debug|Any CPU
		Release|Any CPU = Release|Any CPU
	EndGlobalSection
	GlobalSection(ProjectConfigurationPlatforms) = postSolution
		{0DFA7D89-194C-477A-8740-347FFC9F8C91}.Debug|Any CPU.ActiveCfg = Debug|Any CPU
		{0DFA7D89-194C-477A-8740-347FFC9F8C91}.Debug|Any CPU.Build.0 = Debug|Any CPU
		{0DFA7D89-194C-477A-8740-347FFC9F8C91}.Release|Any CPU.ActiveCfg = Release|Any CPU
		{0DFA7D89-194C-477A-8740-347FFC9F8C91}.Release|Any CPU.Build.0 = Release|Any CPU
	EndGlobalSection
	GlobalSection(SolutionProperties) = preSolution
		HideSolutionNode = FALSE
	EndGlobalSection
	GlobalSection(ExtensibilityGlobals) = postSolution
		SolutionGuid = {9BC08AFF-A160-4391-90E8-FBD240183679}
	EndGlobalSection
EndGlobal
